
Microsoft Visual Studio Solution File, Format Version 12.00
# Visual Studio Version 16
VisualStudioVersion = 16.0.29025.244
MinimumVisualStudioVersion = 10.0.40219.1
Project("{FAE04EC0-301F-11D3-BF4B-00C04F79EFBC}") = "TimerFunctionSample", "TimerFunctionSample.csproj", "{3A1273F3-397A-490F-AED6-CD362BC202F7}"
EndProject
Global
	GlobalSection(SolutionConfigurationPlatforms) = preSolution
		Debug|Any CPU = Debug|Any CPU
		Release|Any CPU = Release|Any CPU
	EndGlobalSection
	GlobalSection(ProjectConfigurationPlatforms) = postSolution
		{3A1273F3-397A-490F-AED6-CD362BC202F7}.Debug|Any CPU.ActiveCfg = Debug|Any CPU
		{3A1273F3-397A-490F-AED6-CD362BC202F7}.Debug|Any CPU.Build.0 = Debug|Any CPU
		{3A1273F3-397A-490F-AED6-CD362BC202F7}.Release|Any CPU.ActiveCfg = Release|Any CPU
		{3A1273F3-397A-490F-AED6-CD362BC202F7}.Release|Any CPU.Build.0 = Release|Any CPU
	EndGlobalSection
	GlobalSection(SolutionProperties) = preSolution
		HideSolutionNode = FALSE
	EndGlobalSection
	GlobalSection(ExtensibilityGlobals) = postSolution
		SolutionGuid = {7DFD475E-DA6B-4164-B4E4-583CD891062C}
	EndGlobalSection
EndGlobal
